// !$*UTF8*$!
{
	archiveVersion = 1;
	classes = {
	};
	objectVersion = 50;
	objects = {

/* Begin PBXBuildFile section */
		2BB79903226771DF003003EF /* main.cpp in Sources */ = {isa = PBXBuildFile; fileRef = 2BB79902226771DF003003EF /* main.cpp */; };
		2BB7990C226771EC003003EF /* libboost_filesystem.a in Frameworks */ = {isa = PBXBuildFile; fileRef = 2BB7990A226771EC003003EF /* libboost_filesystem.a */; };
		2BB7990D226771EC003003EF /* libboost_system.a in Frameworks */ = {isa = PBXBuildFile; fileRef = 2BB7990B226771EC003003EF /* libboost_system.a */; };
/* End PBXBuildFile section */

/* Begin PBXCopyFilesBuildPhase section */
		2BB798FD226771DF003003EF /* CopyFiles */ = {
			isa = PBXCopyFilesBuildPhase;
			buildActionMask = 2147483647;
			dstPath = /usr/share/man/man1/;
			dstSubfolderSpec = 0;
			files = (
			);
			runOnlyForDeploymentPostprocessing = 1;
		};
/* End PBXCopyFilesBuildPhase section */

/* Begin PBXFileReference section */
		2B6B6A74226781EF00113734 /* Header.h */ = {isa = PBXFileReference; lastKnownFileType = sourcecode.c.h; path = Header.h; sourceTree = "<group>"; };
		2BB798FF226771DF003003EF /* TMP practice */ = {isa = PBXFileReference; explicitFileType = "compiled.mach-o.executable"; includeInIndex = 0; path = "TMP practice"; sourceTree = BUILT_PRODUCTS_DIR; };
		2BB79902226771DF003003EF /* main.cpp */ = {isa = PBXFileReference; lastKnownFileType = sourcecode.cpp.cpp; path = main.cpp; sourceTree = "<group>"; };
		2BB7990A226771EC003003EF /* libboost_filesystem.a */ = {isa = PBXFileReference; lastKnownFileType = archive.ar; name = libboost_filesystem.a; path = ../../../../libboost_filesystem.a; sourceTree = "<group>"; };
		2BB7990B226771EC003003EF /* libboost_system.a */ = {isa = PBXFileReference; lastKnownFileType = archive.ar; name = libboost_system.a; path = ../../../../libboost_system.a; sourceTree = "<group>"; };
		2BDD5008226A1FD200E68615 /* tiny_define.hpp */ = {isa = PBXFileReference; lastKnownFileType = sourcecode.cpp.h; path = tiny_define.hpp; sourceTree = "<group>"; };
		2BDD500A226A273E00E68615 /* tiny_iterator.hpp */ = {isa = PBXFileReference; explicitFileType = sourcecode.cpp.h; path = tiny_iterator.hpp; sourceTree = "<group>"; };
		2BDD500C226A275400E68615 /* tiny_at.hpp */ = {isa = PBXFileReference; lastKnownFileType = sourcecode.cpp.h; path = tiny_at.hpp; sourceTree = "<group>"; };
		2BDD500D226A279F00E68615 /* tiny.hpp */ = {isa = PBXFileReference; lastKnownFileType = sourcecode.cpp.h; path = tiny.hpp; sourceTree = "<group>"; };
/* End PBXFileReference section */

/* Begin PBXFrameworksBuildPhase section */
		2BB798FC226771DF003003EF /* Frameworks */ = {
			isa = PBXFrameworksBuildPhase;
			buildActionMask = 2147483647;
			files = (
				2BB7990C226771EC003003EF /* libboost_filesystem.a in Frameworks */,
				2BB7990D226771EC003003EF /* libboost_system.a in Frameworks */,
			);
			runOnlyForDeploymentPostprocessing = 0;
		};
/* End PBXFrameworksBuildPhase section */

/* Begin PBXGroup section */
		2BB798F6226771DE003003EF = {
			isa = PBXGroup;
			children = (
				2BB79901226771DF003003EF /* TMP practice */,
				2BB79900226771DF003003EF /* Products */,
				2BB79909226771EC003003EF /* Frameworks */,
			);
			sourceTree = "<group>";
		};
		2BB79900226771DF003003EF /* Products */ = {
			isa = PBXGroup;
			children = (
				2BB798FF226771DF003003EF /* TMP practice */,
			);
			name = Products;
			sourceTree = "<group>";
		};
		2BB79901226771DF003003EF /* TMP practice */ = {
			isa = PBXGroup;
			children = (
				2BB79902226771DF003003EF /* main.cpp */,
				2BDD5008226A1FD200E68615 /* tiny_define.hpp */,
				2B6B6A74226781EF00113734 /* Header.h */,
				2BDD500A226A273E00E68615 /* tiny_iterator.hpp */,
				2BDD500C226A275400E68615 /* tiny_at.hpp */,
				2BDD500D226A279F00E68615 /* tiny.hpp */,
			);
			path = "TMP practice";
			sourceTree = "<group>";
		};
		2BB79909226771EC003003EF /* Frameworks */ = {
			isa = PBXGroup;
			children = (
				2BB7990A226771EC003003EF /* libboost_filesystem.a */,
				2BB7990B226771EC003003EF /* libboost_system.a */,
			);
			name = Frameworks;
			sourceTree = "<group>";
		};
/* End PBXGroup section */

/* Begin PBXNativeTarget section */
		2BB798FE226771DF003003EF /* TMP practice */ = {
			isa = PBXNativeTarget;
			buildConfigurationList = 2BB79906226771DF003003EF /* Build configuration list for PBXNativeTarget "TMP practice" */;
			buildPhases = (
				2BB798FB226771DF003003EF /* Sources */,
				2BB798FC226771DF003003EF /* Frameworks */,
				2BB798FD226771DF003003EF /* CopyFiles */,
			);
			buildRules = (
			);
			dependencies = (
			);
			name = "TMP practice";
			productName = "TMP practice";
			productReference = 2BB798FF226771DF003003EF /* TMP practice */;
			productType = "com.apple.product-type.tool";
		};
/* End PBXNativeTarget section */

/* Begin PBXProject section */
		2BB798F7226771DE003003EF /* Project object */ = {
			isa = PBXProject;
			attributes = {
				LastUpgradeCheck = 1020;
				ORGANIZATIONNAME = "葛润泽";
				TargetAttributes = {
					2BB798FE226771DF003003EF = {
						CreatedOnToolsVersion = 10.2;
					};
				};
			};
			buildConfigurationList = 2BB798FA226771DE003003EF /* Build configuration list for PBXProject "TMP practice" */;
			compatibilityVersion = "Xcode 9.3";
			developmentRegion = en;
			hasScannedForEncodings = 0;
			knownRegions = (
				en,
			);
			mainGroup = 2BB798F6226771DE003003EF;
			productRefGroup = 2BB79900226771DF003003EF /* Products */;
			projectDirPath = "";
			projectRoot = "";
			targets = (
				2BB798FE226771DF003003EF /* TMP practice */,
			);
		};
/* End PBXProject section */

/* Begin PBXSourcesBuildPhase section */
		2BB798FB226771DF003003EF /* Sources */ = {
			isa = PBXSourcesBuildPhase;
			buildActionMask = 2147483647;
			files = (
				2BB79903226771DF003003EF /* main.cpp in Sources */,
			);
			runOnlyForDeploymentPostprocessing = 0;
		};
/* End PBXSourcesBuildPhase section */

/* Begin XCBuildConfiguration section */
		2BB79904226771DF003003EF /* Debug */ = {
			isa = XCBuildConfiguration;
			buildSettings = {
				ALWAYS_SEARCH_USER_PATHS = NO;
				CLANG_ANALYZER_NONNULL = YES;
				CLANG_ANALYZER_NUMBER_OBJECT_CONVERSION = YES_AGGRESSIVE;
				CLANG_CXX_LANGUAGE_STANDARD = "gnu++14";
				CLANG_CXX_LIBRARY = "libc++";
				CLANG_ENABLE_MODULES = YES;
				CLANG_ENABLE_OBJC_ARC = YES;
				CLANG_ENABLE_OBJC_WEAK = YES;
				CLANG_WARN_BLOCK_CAPTURE_AUTORELEASING = YES;
				CLANG_WARN_BOOL_CONVERSION = YES;
				CLANG_WARN_COMMA = YES;
				CLANG_WARN_CONSTANT_CONVERSION = YES;
				CLANG_WARN_DEPRECATED_OBJC_IMPLEMENTATIONS = YES;
				CLANG_WARN_DIRECT_OBJC_ISA_USAGE = YES_ERROR;
				CLANG_WARN_DOCUMENTATION_COMMENTS = YES;
				CLANG_WARN_EMPTY_BODY = YES;
				CLANG_WARN_ENUM_CONVERSION = YES;
				CLANG_WARN_INFINITE_RECURSION = YES;
				CLANG_WARN_INT_CONVERSION = YES;
				CLANG_WARN_NON_LITERAL_NULL_CONVERSION = YES;
				CLANG_WARN_OBJC_IMPLICIT_RETAIN_SELF = YES;
				CLANG_WARN_OBJC_LITERAL_CONVERSION = YES;
				CLANG_WARN_OBJC_ROOT_CLASS = YES_ERROR;
				CLANG_WARN_RANGE_LOOP_ANALYSIS = YES;
				CLANG_WARN_STRICT_PROTOTYPES = YES;
				CLANG_WARN_SUSPICIOUS_MOVE = YES;
				CLANG_WARN_UNGUARDED_AVAILABILITY = YES_AGGRESSIVE;
				CLANG_WARN_UNREACHABLE_CODE = YES;
				CLANG_WARN__DUPLICATE_METHOD_MATCH = YES;
				CODE_SIGN_IDENTITY = "-";
				COPY_PHASE_STRIP = NO;
				DEBUG_INFORMATION_FORMAT = dwarf;
				ENABLE_STRICT_OBJC_MSGSEND = YES;
				ENABLE_TESTABILITY = YES;
				GCC_C_LANGUAGE_STANDARD = gnu11;
				GCC_DYNAMIC_NO_PIC = NO;
				GCC_NO_COMMON_BLOCKS = YES;
				GCC_OPTIMIZATION_LEVEL = 0;
				GCC_PREPROCESSOR_DEFINITIONS = (
					"DEBUG=1",
					"$(inherited)",
				);
				GCC_WARN_64_TO_32_BIT_CONVERSION = YES;
				GCC_WARN_ABOUT_RETURN_TYPE = YES_ERROR;
				GCC_WARN_UNDECLARED_SELECTOR = YES;
				GCC_WARN_UNINITIALIZED_AUTOS = YES_AGGRESSIVE;
				GCC_WARN_UNUSED_FUNCTION = YES;
				GCC_WARN_UNUSED_VARIABLE = YES;
				MACOSX_DEPLOYMENT_TARGET = 10.14;
				MTL_ENABLE_DEBUG_INFO = INCLUDE_SOURCE;
				MTL_FAST_MATH = YES;
				ONLY_ACTIVE_ARCH = YES;
				SDKROOT = macosx;
			};
			name = Debug;
		};
		2BB79905226771DF003003EF /* Release */ = {
			isa = XCBuildConfiguration;
			buildSettings = {
				ALWAYS_SEARCH_USER_PATHS = NO;
				CLANG_ANALYZER_NONNULL = YES;
				CLANG_ANALYZER_NUMBER_OBJECT_CONVERSION = YES_AGGRESSIVE;
				CLANG_CXX_LANGUAGE_STANDARD = "gnu++14";
				CLANG_CXX_LIBRARY = "libc++";
				CLANG_ENABLE_MODULES = YES;
				CLANG_ENABLE_OBJC_ARC = YES;
				CLANG_ENABLE_OBJC_WEAK = YES;
				CLANG_WARN_BLOCK_CAPTURE_AUTORELEASING = YES;
				CLANG_WARN_BOOL_CONVERSION = YES;
				CLANG_WARN_COMMA = YES;
				CLANG_WARN_CONSTANT_CONVERSION = YES;
				CLANG_WARN_DEPRECATED_OBJC_IMPLEMENTATIONS = YES;
				CLANG_WARN_DIRECT_OBJC_ISA_USAGE = YES_ERROR;
				CLANG_WARN_DOCUMENTATION_COMMENTS = YES;
				CLANG_WARN_EMPTY_BODY = YES;
				CLANG_WARN_ENUM_CONVERSION = YES;
				CLANG_WARN_INFINITE_RECURSION = YES;
				CLANG_WARN_INT_CONVERSION = YES;
				CLANG_WARN_NON_LITERAL_NULL_CONVERSION = YES;
				CLANG_WARN_OBJC_IMPLICIT_RETAIN_SELF = YES;
				CLANG_WARN_OBJC_LITERAL_CONVERSION = YES;
				CLANG_WARN_OBJC_ROOT_CLASS = YES_ERROR;
				CLANG_WARN_RANGE_LOOP_ANALYSIS = YES;
				CLANG_WARN_STRICT_PROTOTYPES = YES;
				CLANG_WARN_SUSPICIOUS_MOVE = YES;
				CLANG_WARN_UNGUARDED_AVAILABILITY = YES_AGGRESSIVE;
				CLANG_WARN_UNREACHABLE_CODE = YES;
				CLANG_WARN__DUPLICATE_METHOD_MATCH = YES;
				CODE_SIGN_IDENTITY = "-";
				COPY_PHASE_STRIP = NO;
				DEBUG_INFORMATION_FORMAT = "dwarf-with-dsym";
				ENABLE_NS_ASSERTIONS = NO;
				ENABLE_STRICT_OBJC_MSGSEND = YES;
				GCC_C_LANGUAGE_STANDARD = gnu11;
				GCC_NO_COMMON_BLOCKS = YES;
				GCC_WARN_64_TO_32_BIT_CONVERSION = YES;
				GCC_WARN_ABOUT_RETURN_TYPE = YES_ERROR;
				GCC_WARN_UNDECLARED_SELECTOR = YES;
				GCC_WARN_UNINITIALIZED_AUTOS = YES_AGGRESSIVE;
				GCC_WARN_UNUSED_FUNCTION = YES;
				GCC_WARN_UNUSED_VARIABLE = YES;
				MACOSX_DEPLOYMENT_TARGET = 10.14;
				MTL_ENABLE_DEBUG_INFO = NO;
				MTL_FAST_MATH = YES;
				SDKROOT = macosx;
			};
			name = Release;
		};
		2BB79907226771DF003003EF /* Debug */ = {
			isa = XCBuildConfiguration;
			buildSettings = {
				CODE_SIGN_STYLE = Automatic;
				HEADER_SEARCH_PATHS = /usr/local/include;
				LIBRARY_SEARCH_PATHS = /usr/local/lib;
				PRODUCT_NAME = "$(TARGET_NAME)";
			};
			name = Debug;
		};
		2BB79908226771DF003003EF /* Release */ = {
			isa = XCBuildConfiguration;
			buildSettings = {
				CODE_SIGN_STYLE = Automatic;
				HEADER_SEARCH_PATHS = /usr/local/include;
				LIBRARY_SEARCH_PATHS = /usr/local/lib;
				PRODUCT_NAME = "$(TARGET_NAME)";
			};
			name = Release;
		};
/* End XCBuildConfiguration section */

/* Begin XCConfigurationList section */
		2BB798FA226771DE003003EF /* Build configuration list for PBXProject "TMP practice" */ = {
			isa = XCConfigurationList;
			buildConfigurations = (
				2BB79904226771DF003003EF /* Debug */,
				2BB79905226771DF003003EF /* Release */,
			);
			defaultConfigurationIsVisible = 0;
			defaultConfigurationName = Release;
		};
		2BB79906226771DF003003EF /* Build configuration list for PBXNativeTarget "TMP practice" */ = {
			isa = XCConfigurationList;
			buildConfigurations = (
				2BB79907226771DF003003EF /* Debug */,
				2BB79908226771DF003003EF /* Release */,
			);
			defaultConfigurationIsVisible = 0;
			defaultConfigurationName = Release;
		};
/* End XCConfigurationList section */
	};
	rootObject = 2BB798F7226771DE003003EF /* Project object */;
}
